{
  "version": 4,
  "terraform_version": "1.5.4",
  "serial": 11,
  "lineage": "15e62122-e266-5873-a13a-b3eefd76b140",
  "outputs": {},
  "resources": [
    {
      "mode": "managed",
      "type": "azurerm_resource_group",
      "name": "testRG",
      "provider": "provider[\"registry.terraform.io/hashicorp/azurerm\"]",
      "instances": [
        {
          "schema_version": 0,
          "attributes": {
            "id": "/subscriptions/96e46ebd-c7af-402f-bbc9-ba03c1529399/resourceGroups/testarchimateRG",
            "location": "westeurope",
            "name": "testarchimateRG",
            "tags": null,
            "timeouts": {
              "create": "2h",
              "delete": null,
              "read": null,
              "update": null
            }
          },
          "sensitive_attributes": [],
          "private": "eyJlMmJmYjczMC1lY2FhLTExZTYtOGY4OC0zNDM2M2JjN2M0YzAiOnsiY3JlYXRlIjo3MjAwMDAwMDAwMDAwLCJkZWxldGUiOjU0MDAwMDAwMDAwMDAsInJlYWQiOjMwMDAwMDAwMDAwMCwidXBkYXRlIjo1NDAwMDAwMDAwMDAwfX0="
        }
      ]
    },
    {
      "mode": "managed",
      "type": "azurerm_storage_account",
      "name": "testStorage",
      "provider": "provider[\"registry.terraform.io/hashicorp/azurerm\"]",
      "instances": [
        {
          "schema_version": 3,
          "attributes": {
            "access_tier": "Hot",
            "account_kind": "StorageV2",
            "account_replication_type": "LRS",
            "account_tier": "Standard",
            "allow_nested_items_to_be_public": true,
            "allowed_copy_scope": "",
            "azure_files_authentication": [],
            "blob_properties": [
              {
                "change_feed_enabled": false,
                "change_feed_retention_in_days": 0,
                "container_delete_retention_policy": [],
                "cors_rule": [],
                "default_service_version": "",
                "delete_retention_policy": [],
                "last_access_time_enabled": false,
                "restore_policy": [],
                "versioning_enabled": false
              }
            ],
            "cross_tenant_replication_enabled": true,
            "custom_domain": [],
            "customer_managed_key": [],
            "default_to_oauth_authentication": false,
            "edge_zone": "",
            "enable_https_traffic_only": true,
            "id": "/subscriptions/96e46ebd-c7af-402f-bbc9-ba03c1529399/resourceGroups/testarchimateRG/providers/Microsoft.Storage/storageAccounts/myarchimateiacstorage",
            "identity": [],
            "immutability_policy": [],
            "infrastructure_encryption_enabled": false,
            "is_hns_enabled": false,
            "large_file_share_enabled": null,
            "location": "westeurope",
            "min_tls_version": "TLS1_2",
            "name": "myarchimateiacstorage",
            "network_rules": [
              {
                "bypass": [
                  "AzureServices"
                ],
                "default_action": "Allow",
                "ip_rules": [],
                "private_link_access": [],
                "virtual_network_subnet_ids": []
              }
            ],
            "nfsv3_enabled": false,
            "primary_access_key": "6n5QLnIuMn/FMBahsPsIPrpc0odku4s7EubPPY7/a+CYd3JxsyyJsGjp9ivBfp4eRnJtA0ZA2QA++AStEqy8sg==",
            "primary_blob_connection_string": "DefaultEndpointsProtocol=https;BlobEndpoint=https://myarchimateiacstorage.blob.core.windows.net/;AccountName=myarchimateiacstorage;AccountKey=6n5QLnIuMn/FMBahsPsIPrpc0odku4s7EubPPY7/a+CYd3JxsyyJsGjp9ivBfp4eRnJtA0ZA2QA++AStEqy8sg==",
            "primary_blob_endpoint": "https://myarchimateiacstorage.blob.core.windows.net/",
            "primary_blob_host": "myarchimateiacstorage.blob.core.windows.net",
            "primary_connection_string": "DefaultEndpointsProtocol=https;AccountName=myarchimateiacstorage;AccountKey=6n5QLnIuMn/FMBahsPsIPrpc0odku4s7EubPPY7/a+CYd3JxsyyJsGjp9ivBfp4eRnJtA0ZA2QA++AStEqy8sg==;EndpointSuffix=core.windows.net",
            "primary_dfs_endpoint": "https://myarchimateiacstorage.dfs.core.windows.net/",
            "primary_dfs_host": "myarchimateiacstorage.dfs.core.windows.net",
            "primary_file_endpoint": "https://myarchimateiacstorage.file.core.windows.net/",
            "primary_file_host": "myarchimateiacstorage.file.core.windows.net",
            "primary_location": "westeurope",
            "primary_queue_endpoint": "https://myarchimateiacstorage.queue.core.windows.net/",
            "primary_queue_host": "myarchimateiacstorage.queue.core.windows.net",
            "primary_table_endpoint": "https://myarchimateiacstorage.table.core.windows.net/",
            "primary_table_host": "myarchimateiacstorage.table.core.windows.net",
            "primary_web_endpoint": "https://myarchimateiacstorage.z6.web.core.windows.net/",
            "primary_web_host": "myarchimateiacstorage.z6.web.core.windows.net",
            "public_network_access_enabled": true,
            "queue_encryption_key_type": "Service",
            "queue_properties": [
              {
                "cors_rule": [],
                "hour_metrics": [
                  {
                    "enabled": true,
                    "include_apis": true,
                    "retention_policy_days": 7,
                    "version": "1.0"
                  }
                ],
                "logging": [
                  {
                    "delete": false,
                    "read": false,
                    "retention_policy_days": 0,
                    "version": "1.0",
                    "write": false
                  }
                ],
                "minute_metrics": [
                  {
                    "enabled": false,
                    "include_apis": false,
                    "retention_policy_days": 0,
                    "version": "1.0"
                  }
                ]
              }
            ],
            "resource_group_name": "testarchimateRG",
            "routing": [],
            "sas_policy": [],
            "secondary_access_key": "5nNgzB+V5BNyJwkWbQZuqZNymBlBJugFTGxemq4kTrMprzSXNaYB0LhcnuIanC40vb/ePIqH5Gfh+ASt2MG0TQ==",
            "secondary_blob_connection_string": "",
            "secondary_blob_endpoint": null,
            "secondary_blob_host": null,
            "secondary_connection_string": "DefaultEndpointsProtocol=https;AccountName=myarchimateiacstorage;AccountKey=5nNgzB+V5BNyJwkWbQZuqZNymBlBJugFTGxemq4kTrMprzSXNaYB0LhcnuIanC40vb/ePIqH5Gfh+ASt2MG0TQ==;EndpointSuffix=core.windows.net",
            "secondary_dfs_endpoint": null,
            "secondary_dfs_host": null,
            "secondary_file_endpoint": null,
            "secondary_file_host": null,
            "secondary_location": "",
            "secondary_queue_endpoint": null,
            "secondary_queue_host": null,
            "secondary_table_endpoint": null,
            "secondary_table_host": null,
            "secondary_web_endpoint": null,
            "secondary_web_host": null,
            "sftp_enabled": false,
            "share_properties": [
              {
                "cors_rule": [],
                "retention_policy": [
                  {
                    "days": 7
                  }
                ],
                "smb": []
              }
            ],
            "shared_access_key_enabled": true,
            "static_website": [],
            "table_encryption_key_type": "Service",
            "tags": null,
            "timeouts": {
              "create": "1h",
              "delete": null,
              "read": null,
              "update": "3h"
            }
          },
          "sensitive_attributes": [],
          "private": "eyJlMmJmYjczMC1lY2FhLTExZTYtOGY4OC0zNDM2M2JjN2M0YzAiOnsiY3JlYXRlIjozNjAwMDAwMDAwMDAwLCJkZWxldGUiOjM2MDAwMDAwMDAwMDAsInJlYWQiOjMwMDAwMDAwMDAwMCwidXBkYXRlIjoxMDgwMDAwMDAwMDAwMH0sInNjaGVtYV92ZXJzaW9uIjoiMyJ9",
          "dependencies": [
            "azurerm_resource_group.testRG"
          ]
        }
      ]
    }
  ],
  "check_results": null
}
